
Microsoft Visual Studio Solution File, Format Version 12.00
# Visual Studio Version 17
VisualStudioVersion = 17.11.35327.3
MinimumVisualStudioVersion = 10.0.40219.1
Project("{FAE04EC0-301F-11D3-BF4B-00C04F79EFBC}") = "Senha", "Senha\Senha.csproj", "{864ADDFC-71BB-41A5-8A9D-BA1FF8CAD322}"
EndProject
Global
	GlobalSection(SolutionConfigurationPlatforms) = preSolution
		Debug|Any CPU = Debug|Any CPU
		Release|Any CPU = Release|Any CPU
	EndGlobalSection
	GlobalSection(ProjectConfigurationPlatforms) = postSolution
		{864ADDFC-71BB-41A5-8A9D-BA1FF8CAD322}.Debug|Any CPU.ActiveCfg = Debug|Any CPU
		{864ADDFC-71BB-41A5-8A9D-BA1FF8CAD322}.Debug|Any CPU.Build.0 = Debug|Any CPU
		{864ADDFC-71BB-41A5-8A9D-BA1FF8CAD322}.Release|Any CPU.ActiveCfg = Release|Any CPU
		{864ADDFC-71BB-41A5-8A9D-BA1FF8CAD322}.Release|Any CPU.Build.0 = Release|Any CPU
	EndGlobalSection
	GlobalSection(SolutionProperties) = preSolution
		HideSolutionNode = FALSE
	EndGlobalSection
	GlobalSection(ExtensibilityGlobals) = postSolution
		SolutionGuid = {2895A710-BF53-4948-AF5C-7C5ECAC1E3A1}
	EndGlobalSection
EndGlobal
